
Microsoft Visual Studio Solution File, Format Version 12.00
# Visual Studio Version 16
VisualStudioVersion = 16.0.29926.136
MinimumVisualStudioVersion = 10.0.40219.1
Project("{FAE04EC0-301F-11D3-BF4B-00C04F79EFBC}") = "CA200422", "CA200422\CA200422.csproj", "{030D80F3-3DB3-496E-A14B-FD785BCF7FE6}"
EndProject
Global
	GlobalSection(SolutionConfigurationPlatforms) = preSolution
		Debug|Any CPU = Debug|Any CPU
		Release|Any CPU = Release|Any CPU
	EndGlobalSection
	GlobalSection(ProjectConfigurationPlatforms) = postSolution
		{030D80F3-3DB3-496E-A14B-FD785BCF7FE6}.Debug|Any CPU.ActiveCfg = Debug|Any CPU
		{030D80F3-3DB3-496E-A14B-FD785BCF7FE6}.Debug|Any CPU.Build.0 = Debug|Any CPU
		{030D80F3-3DB3-496E-A14B-FD785BCF7FE6}.Release|Any CPU.ActiveCfg = Release|Any CPU
		{030D80F3-3DB3-496E-A14B-FD785BCF7FE6}.Release|Any CPU.Build.0 = Release|Any CPU
	EndGlobalSection
	GlobalSection(SolutionProperties) = preSolution
		HideSolutionNode = FALSE
	EndGlobalSection
	GlobalSection(ExtensibilityGlobals) = postSolution
		SolutionGuid = {8BE9637F-E2F0-411E-8322-BD4F84316FE0}
	EndGlobalSection
EndGlobal
